// !$*UTF8*$!
{
	archiveVersion = 1;
	classes = {
	};
	objectVersion = 56;
	objects = {

/* Begin PBXBuildFile section */
		E254740A29CCAA7000E74975 /* SolarNFTApp.swift in Sources */ = {isa = PBXBuildFile; fileRef = E254740929CCAA7000E74975 /* SolarNFTApp.swift */; };
		E254740C29CCAA7000E74975 /* ContentView.swift in Sources */ = {isa = PBXBuildFile; fileRef = E254740B29CCAA7000E74975 /* ContentView.swift */; };
		E254740E29CCAA7200E74975 /* Assets.xcassets in Resources */ = {isa = PBXBuildFile; fileRef = E254740D29CCAA7200E74975 /* Assets.xcassets */; };
		E254741129CCAA7200E74975 /* Preview Assets.xcassets in Resources */ = {isa = PBXBuildFile; fileRef = E254741029CCAA7200E74975 /* Preview Assets.xcassets */; };
		E254741929CCAAB900E74975 /* OnboardingView.swift in Sources */ = {isa = PBXBuildFile; fileRef = E254741829CCAAB900E74975 /* OnboardingView.swift */; };
		E254741D29CCABDE00E74975 /* Image+Extensions.swift in Sources */ = {isa = PBXBuildFile; fileRef = E254741C29CCABDE00E74975 /* Image+Extensions.swift */; };
		E254742029CCB18900E74975 /* Audiowide-Regular.ttf in Resources */ = {isa = PBXBuildFile; fileRef = E254741F29CCB18900E74975 /* Audiowide-Regular.ttf */; };
		E254742329CCB2E500E74975 /* Font+Extensions.swift in Sources */ = {isa = PBXBuildFile; fileRef = E254742229CCB2E500E74975 /* Font+Extensions.swift */; };
/* End PBXBuildFile section */

/* Begin PBXFileReference section */
		E254740629CCAA7000E74975 /* SolarNFT.app */ = {isa = PBXFileReference; explicitFileType = wrapper.application; includeInIndex = 0; path = SolarNFT.app; sourceTree = BUILT_PRODUCTS_DIR; };
		E254740929CCAA7000E74975 /* SolarNFTApp.swift */ = {isa = PBXFileReference; lastKnownFileType = sourcecode.swift; path = SolarNFTApp.swift; sourceTree = "<group>"; };
		E254740B29CCAA7000E74975 /* ContentView.swift */ = {isa = PBXFileReference; lastKnownFileType = sourcecode.swift; path = ContentView.swift; sourceTree = "<group>"; };
		E254740D29CCAA7200E74975 /* Assets.xcassets */ = {isa = PBXFileReference; lastKnownFileType = folder.assetcatalog; path = Assets.xcassets; sourceTree = "<group>"; };
		E254741029CCAA7200E74975 /* Preview Assets.xcassets */ = {isa = PBXFileReference; lastKnownFileType = folder.assetcatalog; path = "Preview Assets.xcassets"; sourceTree = "<group>"; };
		E254741829CCAAB900E74975 /* OnboardingView.swift */ = {isa = PBXFileReference; lastKnownFileType = sourcecode.swift; path = OnboardingView.swift; sourceTree = "<group>"; };
		E254741C29CCABDE00E74975 /* Image+Extensions.swift */ = {isa = PBXFileReference; lastKnownFileType = sourcecode.swift; path = "Image+Extensions.swift"; sourceTree = "<group>"; };
		E254741F29CCB18900E74975 /* Audiowide-Regular.ttf */ = {isa = PBXFileReference; lastKnownFileType = file; path = "Audiowide-Regular.ttf"; sourceTree = "<group>"; };
		E254742129CCB23800E74975 /* Info.plist */ = {isa = PBXFileReference; lastKnownFileType = text.plist; path = Info.plist; sourceTree = "<group>"; };
		E254742229CCB2E500E74975 /* Font+Extensions.swift */ = {isa = PBXFileReference; lastKnownFileType = sourcecode.swift; path = "Font+Extensions.swift"; sourceTree = "<group>"; };
/* End PBXFileReference section */

/* Begin PBXFrameworksBuildPhase section */
		E254740329CCAA7000E74975 /* Frameworks */ = {
			isa = PBXFrameworksBuildPhase;
			buildActionMask = 2147483647;
			files = (
			);
			runOnlyForDeploymentPostprocessing = 0;
		};
/* End PBXFrameworksBuildPhase section */

/* Begin PBXGroup section */
		E25473FD29CCAA7000E74975 = {
			isa = PBXGroup;
			children = (
				E254740829CCAA7000E74975 /* SolarNFT */,
				E254740729CCAA7000E74975 /* Products */,
			);
			sourceTree = "<group>";
		};
		E254740729CCAA7000E74975 /* Products */ = {
			isa = PBXGroup;
			children = (
				E254740629CCAA7000E74975 /* SolarNFT.app */,
			);
			name = Products;
			sourceTree = "<group>";
		};
		E254740829CCAA7000E74975 /* SolarNFT */ = {
			isa = PBXGroup;
			children = (
				E254742129CCB23800E74975 /* Info.plist */,
				E254741E29CCB17300E74975 /* Fonts */,
				E254741A29CCABBE00E74975 /* utils */,
				E254741729CCAAA000E74975 /* Screens */,
				E254740929CCAA7000E74975 /* SolarNFTApp.swift */,
				E254740B29CCAA7000E74975 /* ContentView.swift */,
				E254740D29CCAA7200E74975 /* Assets.xcassets */,
				E254740F29CCAA7200E74975 /* Preview Content */,
			);
			path = SolarNFT;
			sourceTree = "<group>";
		};
		E254740F29CCAA7200E74975 /* Preview Content */ = {
			isa = PBXGroup;
			children = (
				E254741029CCAA7200E74975 /* Preview Assets.xcassets */,
			);
			path = "Preview Content";
			sourceTree = "<group>";
		};
		E254741729CCAAA000E74975 /* Screens */ = {
			isa = PBXGroup;
			children = (
				E254741829CCAAB900E74975 /* OnboardingView.swift */,
			);
			path = Screens;
			sourceTree = "<group>";
		};
		E254741A29CCABBE00E74975 /* utils */ = {
			isa = PBXGroup;
			children = (
				E254741B29CCABC600E74975 /* extensions */,
			);
			path = utils;
			sourceTree = "<group>";
		};
		E254741B29CCABC600E74975 /* extensions */ = {
			isa = PBXGroup;
			children = (
				E254741C29CCABDE00E74975 /* Image+Extensions.swift */,
				E254742229CCB2E500E74975 /* Font+Extensions.swift */,
			);
			path = extensions;
			sourceTree = "<group>";
		};
		E254741E29CCB17300E74975 /* Fonts */ = {
			isa = PBXGroup;
			children = (
				E254741F29CCB18900E74975 /* Audiowide-Regular.ttf */,
			);
			path = Fonts;
			sourceTree = "<group>";
		};
/* End PBXGroup section */

/* Begin PBXNativeTarget section */
		E254740529CCAA7000E74975 /* SolarNFT */ = {
			isa = PBXNativeTarget;
			buildConfigurationList = E254741429CCAA7200E74975 /* Build configuration list for PBXNativeTarget "SolarNFT" */;
			buildPhases = (
				E254740229CCAA7000E74975 /* Sources */,
				E254740329CCAA7000E74975 /* Frameworks */,
				E254740429CCAA7000E74975 /* Resources */,
			);
			buildRules = (
			);
			dependencies = (
			);
			name = SolarNFT;
			productName = SolarNFT;
			productReference = E254740629CCAA7000E74975 /* SolarNFT.app */;
			productType = "com.apple.product-type.application";
		};
/* End PBXNativeTarget section */

/* Begin PBXProject section */
		E25473FE29CCAA7000E74975 /* Project object */ = {
			isa = PBXProject;
			attributes = {
				BuildIndependentTargetsInParallel = 1;
				LastSwiftUpdateCheck = 1420;
				LastUpgradeCheck = 1420;
				TargetAttributes = {
					E254740529CCAA7000E74975 = {
						CreatedOnToolsVersion = 14.2;
					};
				};
			};
			buildConfigurationList = E254740129CCAA7000E74975 /* Build configuration list for PBXProject "SolarNFT" */;
			compatibilityVersion = "Xcode 14.0";
			developmentRegion = en;
			hasScannedForEncodings = 0;
			knownRegions = (
				en,
				Base,
			);
			mainGroup = E25473FD29CCAA7000E74975;
			productRefGroup = E254740729CCAA7000E74975 /* Products */;
			projectDirPath = "";
			projectRoot = "";
			targets = (
				E254740529CCAA7000E74975 /* SolarNFT */,
			);
		};
/* End PBXProject section */

/* Begin PBXResourcesBuildPhase section */
		E254740429CCAA7000E74975 /* Resources */ = {
			isa = PBXResourcesBuildPhase;
			buildActionMask = 2147483647;
			files = (
				E254741129CCAA7200E74975 /* Preview Assets.xcassets in Resources */,
				E254740E29CCAA7200E74975 /* Assets.xcassets in Resources */,
				E254742029CCB18900E74975 /* Audiowide-Regular.ttf in Resources */,
			);
			runOnlyForDeploymentPostprocessing = 0;
		};
/* End PBXResourcesBuildPhase section */

/* Begin PBXSourcesBuildPhase section */
		E254740229CCAA7000E74975 /* Sources */ = {
			isa = PBXSourcesBuildPhase;
			buildActionMask = 2147483647;
			files = (
				E254741929CCAAB900E74975 /* OnboardingView.swift in Sources */,
				E254740C29CCAA7000E74975 /* ContentView.swift in Sources */,
				E254742329CCB2E500E74975 /* Font+Extensions.swift in Sources */,
				E254740A29CCAA7000E74975 /* SolarNFTApp.swift in Sources */,
				E254741D29CCABDE00E74975 /* Image+Extensions.swift in Sources */,
			);
			runOnlyForDeploymentPostprocessing = 0;
		};
/* End PBXSourcesBuildPhase section */

/* Begin XCBuildConfiguration section */
		E254741229CCAA7200E74975 /* Debug */ = {
			isa = XCBuildConfiguration;
			buildSettings = {
				ALWAYS_SEARCH_USER_PATHS = NO;
				CLANG_ANALYZER_NONNULL = YES;
				CLANG_ANALYZER_NUMBER_OBJECT_CONVERSION = YES_AGGRESSIVE;
				CLANG_CXX_LANGUAGE_STANDARD = "gnu++20";
				CLANG_ENABLE_MODULES = YES;
				CLANG_ENABLE_OBJC_ARC = YES;
				CLANG_ENABLE_OBJC_WEAK = YES;
				CLANG_WARN_BLOCK_CAPTURE_AUTORELEASING = YES;
				CLANG_WARN_BOOL_CONVERSION = YES;
				CLANG_WARN_COMMA = YES;
				CLANG_WARN_CONSTANT_CONVERSION = YES;
				CLANG_WARN_DEPRECATED_OBJC_IMPLEMENTATIONS = YES;
				CLANG_WARN_DIRECT_OBJC_ISA_USAGE = YES_ERROR;
				CLANG_WARN_DOCUMENTATION_COMMENTS = YES;
				CLANG_WARN_EMPTY_BODY = YES;
				CLANG_WARN_ENUM_CONVERSION = YES;
				CLANG_WARN_INFINITE_RECURSION = YES;
				CLANG_WARN_INT_CONVERSION = YES;
				CLANG_WARN_NON_LITERAL_NULL_CONVERSION = YES;
				CLANG_WARN_OBJC_IMPLICIT_RETAIN_SELF = YES;
				CLANG_WARN_OBJC_LITERAL_CONVERSION = YES;
				CLANG_WARN_OBJC_ROOT_CLASS = YES_ERROR;
				CLANG_WARN_QUOTED_INCLUDE_IN_FRAMEWORK_HEADER = YES;
				CLANG_WARN_RANGE_LOOP_ANALYSIS = YES;
				CLANG_WARN_STRICT_PROTOTYPES = YES;
				CLANG_WARN_SUSPICIOUS_MOVE = YES;
				CLANG_WARN_UNGUARDED_AVAILABILITY = YES_AGGRESSIVE;
				CLANG_WARN_UNREACHABLE_CODE = YES;
				CLANG_WARN__DUPLICATE_METHOD_MATCH = YES;
				COPY_PHASE_STRIP = NO;
				DEBUG_INFORMATION_FORMAT = dwarf;
				ENABLE_STRICT_OBJC_MSGSEND = YES;
				ENABLE_TESTABILITY = YES;
				GCC_C_LANGUAGE_STANDARD = gnu11;
				GCC_DYNAMIC_NO_PIC = NO;
				GCC_NO_COMMON_BLOCKS = YES;
				GCC_OPTIMIZATION_LEVEL = 0;
				GCC_PREPROCESSOR_DEFINITIONS = (
					"DEBUG=1",
					"$(inherited)",
				);
				GCC_WARN_64_TO_32_BIT_CONVERSION = YES;
				GCC_WARN_ABOUT_RETURN_TYPE = YES_ERROR;
				GCC_WARN_UNDECLARED_SELECTOR = YES;
				GCC_WARN_UNINITIALIZED_AUTOS = YES_AGGRESSIVE;
				GCC_WARN_UNUSED_FUNCTION = YES;
				GCC_WARN_UNUSED_VARIABLE = YES;
				IPHONEOS_DEPLOYMENT_TARGET = 16.2;
				MTL_ENABLE_DEBUG_INFO = INCLUDE_SOURCE;
				MTL_FAST_MATH = YES;
				ONLY_ACTIVE_ARCH = YES;
				SDKROOT = iphoneos;
				SWIFT_ACTIVE_COMPILATION_CONDITIONS = DEBUG;
				SWIFT_OPTIMIZATION_LEVEL = "-Onone";
			};
			name = Debug;
		};
		E254741329CCAA7200E74975 /* Release */ = {
			isa = XCBuildConfiguration;
			buildSettings = {
				ALWAYS_SEARCH_USER_PATHS = NO;
				CLANG_ANALYZER_NONNULL = YES;
				CLANG_ANALYZER_NUMBER_OBJECT_CONVERSION = YES_AGGRESSIVE;
				CLANG_CXX_LANGUAGE_STANDARD = "gnu++20";
				CLANG_ENABLE_MODULES = YES;
				CLANG_ENABLE_OBJC_ARC = YES;
				CLANG_ENABLE_OBJC_WEAK = YES;
				CLANG_WARN_BLOCK_CAPTURE_AUTORELEASING = YES;
				CLANG_WARN_BOOL_CONVERSION = YES;
				CLANG_WARN_COMMA = YES;
				CLANG_WARN_CONSTANT_CONVERSION = YES;
				CLANG_WARN_DEPRECATED_OBJC_IMPLEMENTATIONS = YES;
				CLANG_WARN_DIRECT_OBJC_ISA_USAGE = YES_ERROR;
				CLANG_WARN_DOCUMENTATION_COMMENTS = YES;
				CLANG_WARN_EMPTY_BODY = YES;
				CLANG_WARN_ENUM_CONVERSION = YES;
				CLANG_WARN_INFINITE_RECURSION = YES;
				CLANG_WARN_INT_CONVERSION = YES;
				CLANG_WARN_NON_LITERAL_NULL_CONVERSION = YES;
				CLANG_WARN_OBJC_IMPLICIT_RETAIN_SELF = YES;
				CLANG_WARN_OBJC_LITERAL_CONVERSION = YES;
				CLANG_WARN_OBJC_ROOT_CLASS = YES_ERROR;
				CLANG_WARN_QUOTED_INCLUDE_IN_FRAMEWORK_HEADER = YES;
				CLANG_WARN_RANGE_LOOP_ANALYSIS = YES;
				CLANG_WARN_STRICT_PROTOTYPES = YES;
				CLANG_WARN_SUSPICIOUS_MOVE = YES;
				CLANG_WARN_UNGUARDED_AVAILABILITY = YES_AGGRESSIVE;
				CLANG_WARN_UNREACHABLE_CODE = YES;
				CLANG_WARN__DUPLICATE_METHOD_MATCH = YES;
				COPY_PHASE_STRIP = NO;
				DEBUG_INFORMATION_FORMAT = "dwarf-with-dsym";
				ENABLE_NS_ASSERTIONS = NO;
				ENABLE_STRICT_OBJC_MSGSEND = YES;
				GCC_C_LANGUAGE_STANDARD = gnu11;
				GCC_NO_COMMON_BLOCKS = YES;
				GCC_WARN_64_TO_32_BIT_CONVERSION = YES;
				GCC_WARN_ABOUT_RETURN_TYPE = YES_ERROR;
				GCC_WARN_UNDECLARED_SELECTOR = YES;
				GCC_WARN_UNINITIALIZED_AUTOS = YES_AGGRESSIVE;
				GCC_WARN_UNUSED_FUNCTION = YES;
				GCC_WARN_UNUSED_VARIABLE = YES;
				IPHONEOS_DEPLOYMENT_TARGET = 16.2;
				MTL_ENABLE_DEBUG_INFO = NO;
				MTL_FAST_MATH = YES;
				SDKROOT = iphoneos;
				SWIFT_COMPILATION_MODE = wholemodule;
				SWIFT_OPTIMIZATION_LEVEL = "-O";
				VALIDATE_PRODUCT = YES;
			};
			name = Release;
		};
		E254741529CCAA7200E74975 /* Debug */ = {
			isa = XCBuildConfiguration;
			buildSettings = {
				ASSETCATALOG_COMPILER_APPICON_NAME = AppIcon;
				ASSETCATALOG_COMPILER_GLOBAL_ACCENT_COLOR_NAME = AccentColor;
				CODE_SIGN_STYLE = Automatic;
				CURRENT_PROJECT_VERSION = 1;
				DEVELOPMENT_ASSET_PATHS = "\"SolarNFT/Preview Content\"";
				DEVELOPMENT_TEAM = STBR373K7A;
				ENABLE_PREVIEWS = YES;
				GENERATE_INFOPLIST_FILE = YES;
				INFOPLIST_FILE = SolarNFT/Info.plist;
				INFOPLIST_KEY_UIApplicationSceneManifest_Generation = YES;
				INFOPLIST_KEY_UIApplicationSupportsIndirectInputEvents = YES;
				INFOPLIST_KEY_UILaunchScreen_Generation = YES;
				INFOPLIST_KEY_UISupportedInterfaceOrientations_iPad = "UIInterfaceOrientationPortrait UIInterfaceOrientationPortraitUpsideDown UIInterfaceOrientationLandscapeLeft UIInterfaceOrientationLandscapeRight";
				INFOPLIST_KEY_UISupportedInterfaceOrientations_iPhone = "UIInterfaceOrientationPortrait UIInterfaceOrientationLandscapeLeft UIInterfaceOrientationLandscapeRight";
				LD_RUNPATH_SEARCH_PATHS = (
					"$(inherited)",
					"@executable_path/Frameworks",
				);
				MARKETING_VERSION = 1.0;
				PRODUCT_BUNDLE_IDENTIFIER = com.matthew.SolarNFT;
				PRODUCT_NAME = "$(TARGET_NAME)";
				SWIFT_EMIT_LOC_STRINGS = YES;
				SWIFT_VERSION = 5.0;
				TARGETED_DEVICE_FAMILY = "1,2";
			};
			name = Debug;
		};
		E254741629CCAA7200E74975 /* Release */ = {
			isa = XCBuildConfiguration;
			buildSettings = {
				ASSETCATALOG_COMPILER_APPICON_NAME = AppIcon;
				ASSETCATALOG_COMPILER_GLOBAL_ACCENT_COLOR_NAME = AccentColor;
				CODE_SIGN_STYLE = Automatic;
				CURRENT_PROJECT_VERSION = 1;
				DEVELOPMENT_ASSET_PATHS = "\"SolarNFT/Preview Content\"";
				DEVELOPMENT_TEAM = STBR373K7A;
				ENABLE_PREVIEWS = YES;
				GENERATE_INFOPLIST_FILE = YES;
				INFOPLIST_FILE = SolarNFT/Info.plist;
				INFOPLIST_KEY_UIApplicationSceneManifest_Generation = YES;
				INFOPLIST_KEY_UIApplicationSupportsIndirectInputEvents = YES;
				INFOPLIST_KEY_UILaunchScreen_Generation = YES;
				INFOPLIST_KEY_UISupportedInterfaceOrientations_iPad = "UIInterfaceOrientationPortrait UIInterfaceOrientationPortraitUpsideDown UIInterfaceOrientationLandscapeLeft UIInterfaceOrientationLandscapeRight";
				INFOPLIST_KEY_UISupportedInterfaceOrientations_iPhone = "UIInterfaceOrientationPortrait UIInterfaceOrientationLandscapeLeft UIInterfaceOrientationLandscapeRight";
				LD_RUNPATH_SEARCH_PATHS = (
					"$(inherited)",
					"@executable_path/Frameworks",
				);
				MARKETING_VERSION = 1.0;
				PRODUCT_BUNDLE_IDENTIFIER = com.matthew.SolarNFT;
				PRODUCT_NAME = "$(TARGET_NAME)";
				SWIFT_EMIT_LOC_STRINGS = YES;
				SWIFT_VERSION = 5.0;
				TARGETED_DEVICE_FAMILY = "1,2";
			};
			name = Release;
		};
/* End XCBuildConfiguration section */

/* Begin XCConfigurationList section */
		E254740129CCAA7000E74975 /* Build configuration list for PBXProject "SolarNFT" */ = {
			isa = XCConfigurationList;
			buildConfigurations = (
				E254741229CCAA7200E74975 /* Debug */,
				E254741329CCAA7200E74975 /* Release */,
			);
			defaultConfigurationIsVisible = 0;
			defaultConfigurationName = Release;
		};
		E254741429CCAA7200E74975 /* Build configuration list for PBXNativeTarget "SolarNFT" */ = {
			isa = XCConfigurationList;
			buildConfigurations = (
				E254741529CCAA7200E74975 /* Debug */,
				E254741629CCAA7200E74975 /* Release */,
			);
			defaultConfigurationIsVisible = 0;
			defaultConfigurationName = Release;
		};
/* End XCConfigurationList section */
	};
	rootObject = E25473FE29CCAA7000E74975 /* Project object */;
}
